
Microsoft Visual Studio Solution File, Format Version 12.00
# Visual Studio Version 16
VisualStudioVersion = 16.0.28803.156
MinimumVisualStudioVersion = 10.0.40219.1
Project("{9A19103F-16F7-4668-BE54-9A1E7A4F7556}") = "MyLeasing.Common", "MyLeasing.Common\MyLeasing.Common.csproj", "{0211ED8D-B237-44A7-883C-ED03B7B9A2F5}"
EndProject
Project("{9A19103F-16F7-4668-BE54-9A1E7A4F7556}") = "MyLeasing.Web", "MyLeasing.Web\MyLeasing.Web.csproj", "{997B2BD3-E9AB-43A3-A9B7-FD86E85969C0}"
EndProject
Project("{9A19103F-16F7-4668-BE54-9A1E7A4F7556}") = "MyLeasing.Prism", "MyLeasing.Prism\MyLeasing.Prism\MyLeasing.Prism.csproj", "{71D7B0C6-8142-4D68-89D7-B257A56F4CE1}"
EndProject
Project("{FAE04EC0-301F-11D3-BF4B-00C04F79EFBC}") = "MyLeasing.Prism.Android", "MyLeasing.Prism\MyLeasing.Prism.Android\MyLeasing.Prism.Android.csproj", "{DA809830-DF89-454D-B433-366203B4685A}"
EndProject
Project("{FAE04EC0-301F-11D3-BF4B-00C04F79EFBC}") = "MyLeasing.Prism.iOS", "MyLeasing.Prism\MyLeasing.Prism.iOS\MyLeasing.Prism.iOS.csproj", "{7F027A28-95E4-460E-9833-7DA9B43ED346}"
EndProject
Global
	GlobalSection(SolutionConfigurationPlatforms) = preSolution
		Ad-Hoc|Any CPU = Ad-Hoc|Any CPU
		Ad-Hoc|ARM = Ad-Hoc|ARM
		Ad-Hoc|iPhone = Ad-Hoc|iPhone
		Ad-Hoc|iPhoneSimulator = Ad-Hoc|iPhoneSimulator
		Ad-Hoc|x64 = Ad-Hoc|x64
		Ad-Hoc|x86 = Ad-Hoc|x86
		AppStore|Any CPU = AppStore|Any CPU
		AppStore|ARM = AppStore|ARM
		AppStore|iPhone = AppStore|iPhone
		AppStore|iPhoneSimulator = AppStore|iPhoneSimulator
		AppStore|x64 = AppStore|x64
		AppStore|x86 = AppStore|x86
		Debug|Any CPU = Debug|Any CPU
		Debug|ARM = Debug|ARM
		Debug|iPhone = Debug|iPhone
		Debug|iPhoneSimulator = Debug|iPhoneSimulator
		Debug|x64 = Debug|x64
		Debug|x86 = Debug|x86
		Release|Any CPU = Release|Any CPU
		Release|ARM = Release|ARM
		Release|iPhone = Release|iPhone
		Release|iPhoneSimulator = Release|iPhoneSimulator
		Release|x64 = Release|x64
		Release|x86 = Release|x86
	EndGlobalSection
	GlobalSection(ProjectConfigurationPlatforms) = postSolution
		{0211ED8D-B237-44A7-883C-ED03B7B9A2F5}.Ad-Hoc|Any CPU.ActiveCfg = Release|Any CPU
		{0211ED8D-B237-44A7-883C-ED03B7B9A2F5}.Ad-Hoc|Any CPU.Build.0 = Release|Any CPU
		{0211ED8D-B237-44A7-883C-ED03B7B9A2F5}.Ad-Hoc|ARM.ActiveCfg = Release|Any CPU
		{0211ED8D-B237-44A7-883C-ED03B7B9A2F5}.Ad-Hoc|ARM.Build.0 = Release|Any CPU
		{0211ED8D-B237-44A7-883C-ED03B7B9A2F5}.Ad-Hoc|iPhone.ActiveCfg = Release|Any CPU
		{0211ED8D-B237-44A7-883C-ED03B7B9A2F5}.Ad-Hoc|iPhone.Build.0 = Release|Any CPU
		{0211ED8D-B237-44A7-883C-ED03B7B9A2F5}.Ad-Hoc|iPhoneSimulator.ActiveCfg = Release|Any CPU
		{0211ED8D-B237-44A7-883C-ED03B7B9A2F5}.Ad-Hoc|iPhoneSimulator.Build.0 = Release|Any CPU
		{0211ED8D-B237-44A7-883C-ED03B7B9A2F5}.Ad-Hoc|x64.ActiveCfg = Release|Any CPU
		{0211ED8D-B237-44A7-883C-ED03B7B9A2F5}.Ad-Hoc|x64.Build.0 = Release|Any CPU
		{0211ED8D-B237-44A7-883C-ED03B7B9A2F5}.Ad-Hoc|x86.ActiveCfg = Release|Any CPU
		{0211ED8D-B237-44A7-883C-ED03B7B9A2F5}.Ad-Hoc|x86.Build.0 = Release|Any CPU
		{0211ED8D-B237-44A7-883C-ED03B7B9A2F5}.AppStore|Any CPU.ActiveCfg = Release|Any CPU
		{0211ED8D-B237-44A7-883C-ED03B7B9A2F5}.AppStore|Any CPU.Build.0 = Release|Any CPU
		{0211ED8D-B237-44A7-883C-ED03B7B9A2F5}.AppStore|ARM.ActiveCfg = Release|Any CPU
		{0211ED8D-B237-44A7-883C-ED03B7B9A2F5}.AppStore|ARM.Build.0 = Release|Any CPU
		{0211ED8D-B237-44A7-883C-ED03B7B9A2F5}.AppStore|iPhone.ActiveCfg = Release|Any CPU
		{0211ED8D-B237-44A7-883C-ED03B7B9A2F5}.AppStore|iPhone.Build.0 = Release|Any CPU
		{0211ED8D-B237-44A7-883C-ED03B7B9A2F5}.AppStore|iPhoneSimulator.ActiveCfg = Release|Any CPU
		{0211ED8D-B237-44A7-883C-ED03B7B9A2F5}.AppStore|iPhoneSimulator.Build.0 = Release|Any CPU
		{0211ED8D-B237-44A7-883C-ED03B7B9A2F5}.AppStore|x64.ActiveCfg = Release|Any CPU
		{0211ED8D-B237-44A7-883C-ED03B7B9A2F5}.AppStore|x64.Build.0 = Release|Any CPU
		{0211ED8D-B237-44A7-883C-ED03B7B9A2F5}.AppStore|x86.ActiveCfg = Release|Any CPU
		{0211ED8D-B237-44A7-883C-ED03B7B9A2F5}.AppStore|x86.Build.0 = Release|Any CPU
		{0211ED8D-B237-44A7-883C-ED03B7B9A2F5}.Debug|Any CPU.ActiveCfg = Debug|Any CPU
		{0211ED8D-B237-44A7-883C-ED03B7B9A2F5}.Debug|Any CPU.Build.0 = Debug|Any CPU
		{0211ED8D-B237-44A7-883C-ED03B7B9A2F5}.Debug|ARM.ActiveCfg = Debug|Any CPU
		{0211ED8D-B237-44A7-883C-ED03B7B9A2F5}.Debug|ARM.Build.0 = Debug|Any CPU
		{0211ED8D-B237-44A7-883C-ED03B7B9A2F5}.Debug|iPhone.ActiveCfg = Debug|Any CPU
		{0211ED8D-B237-44A7-883C-ED03B7B9A2F5}.Debug|iPhone.Build.0 = Debug|Any CPU
		{0211ED8D-B237-44A7-883C-ED03B7B9A2F5}.Debug|iPhoneSimulator.ActiveCfg = Debug|Any CPU
		{0211ED8D-B237-44A7-883C-ED03B7B9A2F5}.Debug|iPhoneSimulator.Build.0 = Debug|Any CPU
		{0211ED8D-B237-44A7-883C-ED03B7B9A2F5}.Debug|x64.ActiveCfg = Debug|Any CPU
		{0211ED8D-B237-44A7-883C-ED03B7B9A2F5}.Debug|x64.Build.0 = Debug|Any CPU
		{0211ED8D-B237-44A7-883C-ED03B7B9A2F5}.Debug|x86.ActiveCfg = Debug|Any CPU
		{0211ED8D-B237-44A7-883C-ED03B7B9A2F5}.Debug|x86.Build.0 = Debug|Any CPU
		{0211ED8D-B237-44A7-883C-ED03B7B9A2F5}.Release|Any CPU.ActiveCfg = Release|Any CPU
		{0211ED8D-B237-44A7-883C-ED03B7B9A2F5}.Release|Any CPU.Build.0 = Release|Any CPU
		{0211ED8D-B237-44A7-883C-ED03B7B9A2F5}.Release|ARM.ActiveCfg = Release|Any CPU
		{0211ED8D-B237-44A7-883C-ED03B7B9A2F5}.Release|ARM.Build.0 = Release|Any CPU
		{0211ED8D-B237-44A7-883C-ED03B7B9A2F5}.Release|iPhone.ActiveCfg = Release|Any CPU
		{0211ED8D-B237-44A7-883C-ED03B7B9A2F5}.Release|iPhone.Build.0 = Release|Any CPU
		{0211ED8D-B237-44A7-883C-ED03B7B9A2F5}.Release|iPhoneSimulator.ActiveCfg = Release|Any CPU
		{0211ED8D-B237-44A7-883C-ED03B7B9A2F5}.Release|iPhoneSimulator.Build.0 = Release|Any CPU
		{0211ED8D-B237-44A7-883C-ED03B7B9A2F5}.Release|x64.ActiveCfg = Release|Any CPU
		{0211ED8D-B237-44A7-883C-ED03B7B9A2F5}.Release|x64.Build.0 = Release|Any CPU
		{0211ED8D-B237-44A7-883C-ED03B7B9A2F5}.Release|x86.ActiveCfg = Release|Any CPU
		{0211ED8D-B237-44A7-883C-ED03B7B9A2F5}.Release|x86.Build.0 = Release|Any CPU
		{997B2BD3-E9AB-43A3-A9B7-FD86E85969C0}.Ad-Hoc|Any CPU.ActiveCfg = Release|Any CPU
		{997B2BD3-E9AB-43A3-A9B7-FD86E85969C0}.Ad-Hoc|Any CPU.Build.0 = Release|Any CPU
		{997B2BD3-E9AB-43A3-A9B7-FD86E85969C0}.Ad-Hoc|ARM.ActiveCfg = Release|Any CPU
		{997B2BD3-E9AB-43A3-A9B7-FD86E85969C0}.Ad-Hoc|ARM.Build.0 = Release|Any CPU
		{997B2BD3-E9AB-43A3-A9B7-FD86E85969C0}.Ad-Hoc|iPhone.ActiveCfg = Release|Any CPU
		{997B2BD3-E9AB-43A3-A9B7-FD86E85969C0}.Ad-Hoc|iPhone.Build.0 = Release|Any CPU
		{997B2BD3-E9AB-43A3-A9B7-FD86E85969C0}.Ad-Hoc|iPhoneSimulator.ActiveCfg = Release|Any CPU
		{997B2BD3-E9AB-43A3-A9B7-FD86E85969C0}.Ad-Hoc|iPhoneSimulator.Build.0 = Release|Any CPU
		{997B2BD3-E9AB-43A3-A9B7-FD86E85969C0}.Ad-Hoc|x64.ActiveCfg = Release|Any CPU
		{997B2BD3-E9AB-43A3-A9B7-FD86E85969C0}.Ad-Hoc|x64.Build.0 = Release|Any CPU
		{997B2BD3-E9AB-43A3-A9B7-FD86E85969C0}.Ad-Hoc|x86.ActiveCfg = Release|Any CPU
		{997B2BD3-E9AB-43A3-A9B7-FD86E85969C0}.Ad-Hoc|x86.Build.0 = Release|Any CPU
		{997B2BD3-E9AB-43A3-A9B7-FD86E85969C0}.AppStore|Any CPU.ActiveCfg = Release|Any CPU
		{997B2BD3-E9AB-43A3-A9B7-FD86E85969C0}.AppStore|Any CPU.Build.0 = Release|Any CPU
		{997B2BD3-E9AB-43A3-A9B7-FD86E85969C0}.AppStore|ARM.ActiveCfg = Release|Any CPU
		{997B2BD3-E9AB-43A3-A9B7-FD86E85969C0}.AppStore|ARM.Build.0 = Release|Any CPU
		{997B2BD3-E9AB-43A3-A9B7-FD86E85969C0}.AppStore|iPhone.ActiveCfg = Release|Any CPU
		{997B2BD3-E9AB-43A3-A9B7-FD86E85969C0}.AppStore|iPhone.Build.0 = Release|Any CPU
		{997B2BD3-E9AB-43A3-A9B7-FD86E85969C0}.AppStore|iPhoneSimulator.ActiveCfg = Release|Any CPU
		{997B2BD3-E9AB-43A3-A9B7-FD86E85969C0}.AppStore|iPhoneSimulator.Build.0 = Release|Any CPU
		{997B2BD3-E9AB-43A3-A9B7-FD86E85969C0}.AppStore|x64.ActiveCfg = Release|Any CPU
		{997B2BD3-E9AB-43A3-A9B7-FD86E85969C0}.AppStore|x64.Build.0 = Release|Any CPU
		{997B2BD3-E9AB-43A3-A9B7-FD86E85969C0}.AppStore|x86.ActiveCfg = Release|Any CPU
		{997B2BD3-E9AB-43A3-A9B7-FD86E85969C0}.AppStore|x86.Build.0 = Release|Any CPU
		{997B2BD3-E9AB-43A3-A9B7-FD86E85969C0}.Debug|Any CPU.ActiveCfg = Debug|Any CPU
		{997B2BD3-E9AB-43A3-A9B7-FD86E85969C0}.Debug|Any CPU.Build.0 = Debug|Any CPU
		{997B2BD3-E9AB-43A3-A9B7-FD86E85969C0}.Debug|ARM.ActiveCfg = Debug|Any CPU
		{997B2BD3-E9AB-43A3-A9B7-FD86E85969C0}.Debug|ARM.Build.0 = Debug|Any CPU
		{997B2BD3-E9AB-43A3-A9B7-FD86E85969C0}.Debug|iPhone.ActiveCfg = Debug|Any CPU
		{997B2BD3-E9AB-43A3-A9B7-FD86E85969C0}.Debug|iPhone.Build.0 = Debug|Any CPU
		{997B2BD3-E9AB-43A3-A9B7-FD86E85969C0}.Debug|iPhoneSimulator.ActiveCfg = Debug|Any CPU
		{997B2BD3-E9AB-43A3-A9B7-FD86E85969C0}.Debug|iPhoneSimulator.Build.0 = Debug|Any CPU
		{997B2BD3-E9AB-43A3-A9B7-FD86E85969C0}.Debug|x64.ActiveCfg = Debug|Any CPU
		{997B2BD3-E9AB-43A3-A9B7-FD86E85969C0}.Debug|x64.Build.0 = Debug|Any CPU
		{997B2BD3-E9AB-43A3-A9B7-FD86E85969C0}.Debug|x86.ActiveCfg = Debug|Any CPU
		{997B2BD3-E9AB-43A3-A9B7-FD86E85969C0}.Debug|x86.Build.0 = Debug|Any CPU
		{997B2BD3-E9AB-43A3-A9B7-FD86E85969C0}.Release|Any CPU.ActiveCfg = Release|Any CPU
		{997B2BD3-E9AB-43A3-A9B7-FD86E85969C0}.Release|Any CPU.Build.0 = Release|Any CPU
		{997B2BD3-E9AB-43A3-A9B7-FD86E85969C0}.Release|ARM.ActiveCfg = Release|Any CPU
		{997B2BD3-E9AB-43A3-A9B7-FD86E85969C0}.Release|ARM.Build.0 = Release|Any CPU
		{997B2BD3-E9AB-43A3-A9B7-FD86E85969C0}.Release|iPhone.ActiveCfg = Release|Any CPU
		{997B2BD3-E9AB-43A3-A9B7-FD86E85969C0}.Release|iPhone.Build.0 = Release|Any CPU
		{997B2BD3-E9AB-43A3-A9B7-FD86E85969C0}.Release|iPhoneSimulator.ActiveCfg = Release|Any CPU
		{997B2BD3-E9AB-43A3-A9B7-FD86E85969C0}.Release|iPhoneSimulator.Build.0 = Release|Any CPU
		{997B2BD3-E9AB-43A3-A9B7-FD86E85969C0}.Release|x64.ActiveCfg = Release|Any CPU
		{997B2BD3-E9AB-43A3-A9B7-FD86E85969C0}.Release|x64.Build.0 = Release|Any CPU
		{997B2BD3-E9AB-43A3-A9B7-FD86E85969C0}.Release|x86.ActiveCfg = Release|Any CPU
		{997B2BD3-E9AB-43A3-A9B7-FD86E85969C0}.Release|x86.Build.0 = Release|Any CPU
		{71D7B0C6-8142-4D68-89D7-B257A56F4CE1}.Ad-Hoc|Any CPU.ActiveCfg = Debug|Any CPU
		{71D7B0C6-8142-4D68-89D7-B257A56F4CE1}.Ad-Hoc|Any CPU.Build.0 = Debug|Any CPU
		{71D7B0C6-8142-4D68-89D7-B257A56F4CE1}.Ad-Hoc|ARM.ActiveCfg = Debug|Any CPU
		{71D7B0C6-8142-4D68-89D7-B257A56F4CE1}.Ad-Hoc|ARM.Build.0 = Debug|Any CPU
		{71D7B0C6-8142-4D68-89D7-B257A56F4CE1}.Ad-Hoc|iPhone.ActiveCfg = Debug|Any CPU
		{71D7B0C6-8142-4D68-89D7-B257A56F4CE1}.Ad-Hoc|iPhone.Build.0 = Debug|Any CPU
		{71D7B0C6-8142-4D68-89D7-B257A56F4CE1}.Ad-Hoc|iPhoneSimulator.ActiveCfg = Debug|Any CPU
		{71D7B0C6-8142-4D68-89D7-B257A56F4CE1}.Ad-Hoc|iPhoneSimulator.Build.0 = Debug|Any CPU
		{71D7B0C6-8142-4D68-89D7-B257A56F4CE1}.Ad-Hoc|x64.ActiveCfg = Debug|Any CPU
		{71D7B0C6-8142-4D68-89D7-B257A56F4CE1}.Ad-Hoc|x64.Build.0 = Debug|Any CPU
		{71D7B0C6-8142-4D68-89D7-B257A56F4CE1}.Ad-Hoc|x86.ActiveCfg = Debug|Any CPU
		{71D7B0C6-8142-4D68-89D7-B257A56F4CE1}.Ad-Hoc|x86.Build.0 = Debug|Any CPU
		{71D7B0C6-8142-4D68-89D7-B257A56F4CE1}.AppStore|Any CPU.ActiveCfg = Debug|Any CPU
		{71D7B0C6-8142-4D68-89D7-B257A56F4CE1}.AppStore|Any CPU.Build.0 = Debug|Any CPU
		{71D7B0C6-8142-4D68-89D7-B257A56F4CE1}.AppStore|ARM.ActiveCfg = Debug|Any CPU
		{71D7B0C6-8142-4D68-89D7-B257A56F4CE1}.AppStore|ARM.Build.0 = Debug|Any CPU
		{71D7B0C6-8142-4D68-89D7-B257A56F4CE1}.AppStore|iPhone.ActiveCfg = Debug|Any CPU
		{71D7B0C6-8142-4D68-89D7-B257A56F4CE1}.AppStore|iPhone.Build.0 = Debug|Any CPU
		{71D7B0C6-8142-4D68-89D7-B257A56F4CE1}.AppStore|iPhoneSimulator.ActiveCfg = Debug|Any CPU
		{71D7B0C6-8142-4D68-89D7-B257A56F4CE1}.AppStore|iPhoneSimulator.Build.0 = Debug|Any CPU
		{71D7B0C6-8142-4D68-89D7-B257A56F4CE1}.AppStore|x64.ActiveCfg = Debug|Any CPU
		{71D7B0C6-8142-4D68-89D7-B257A56F4CE1}.AppStore|x64.Build.0 = Debug|Any CPU
		{71D7B0C6-8142-4D68-89D7-B257A56F4CE1}.AppStore|x86.ActiveCfg = Debug|Any CPU
		{71D7B0C6-8142-4D68-89D7-B257A56F4CE1}.AppStore|x86.Build.0 = Debug|Any CPU
		{71D7B0C6-8142-4D68-89D7-B257A56F4CE1}.Debug|Any CPU.ActiveCfg = Debug|Any CPU
		{71D7B0C6-8142-4D68-89D7-B257A56F4CE1}.Debug|Any CPU.Build.0 = Debug|Any CPU
		{71D7B0C6-8142-4D68-89D7-B257A56F4CE1}.Debug|ARM.ActiveCfg = Debug|Any CPU
		{71D7B0C6-8142-4D68-89D7-B257A56F4CE1}.Debug|ARM.Build.0 = Debug|Any CPU
		{71D7B0C6-8142-4D68-89D7-B257A56F4CE1}.Debug|iPhone.ActiveCfg = Debug|Any CPU
		{71D7B0C6-8142-4D68-89D7-B257A56F4CE1}.Debug|iPhone.Build.0 = Debug|Any CPU
		{71D7B0C6-8142-4D68-89D7-B257A56F4CE1}.Debug|iPhoneSimulator.ActiveCfg = Debug|Any CPU
		{71D7B0C6-8142-4D68-89D7-B257A56F4CE1}.Debug|iPhoneSimulator.Build.0 = Debug|Any CPU
		{71D7B0C6-8142-4D68-89D7-B257A56F4CE1}.Debug|x64.ActiveCfg = Debug|Any CPU
		{71D7B0C6-8142-4D68-89D7-B257A56F4CE1}.Debug|x64.Build.0 = Debug|Any CPU
		{71D7B0C6-8142-4D68-89D7-B257A56F4CE1}.Debug|x86.ActiveCfg = Debug|Any CPU
		{71D7B0C6-8142-4D68-89D7-B257A56F4CE1}.Debug|x86.Build.0 = Debug|Any CPU
		{71D7B0C6-8142-4D68-89D7-B257A56F4CE1}.Release|Any CPU.ActiveCfg = Release|Any CPU
		{71D7B0C6-8142-4D68-89D7-B257A56F4CE1}.Release|Any CPU.Build.0 = Release|Any CPU
		{71D7B0C6-8142-4D68-89D7-B257A56F4CE1}.Release|ARM.ActiveCfg = Release|Any CPU
		{71D7B0C6-8142-4D68-89D7-B257A56F4CE1}.Release|ARM.Build.0 = Release|Any CPU
		{71D7B0C6-8142-4D68-89D7-B257A56F4CE1}.Release|iPhone.ActiveCfg = Release|Any CPU
		{71D7B0C6-8142-4D68-89D7-B257A56F4CE1}.Release|iPhone.Build.0 = Release|Any CPU
		{71D7B0C6-8142-4D68-89D7-B257A56F4CE1}.Release|iPhoneSimulator.ActiveCfg = Release|Any CPU
		{71D7B0C6-8142-4D68-89D7-B257A56F4CE1}.Release|iPhoneSimulator.Build.0 = Release|Any CPU
		{71D7B0C6-8142-4D68-89D7-B257A56F4CE1}.Release|x64.ActiveCfg = Release|Any CPU
		{71D7B0C6-8142-4D68-89D7-B257A56F4CE1}.Release|x64.Build.0 = Release|Any CPU
		{71D7B0C6-8142-4D68-89D7-B257A56F4CE1}.Release|x86.ActiveCfg = Release|Any CPU
		{71D7B0C6-8142-4D68-89D7-B257A56F4CE1}.Release|x86.Build.0 = Release|Any CPU
		{DA809830-DF89-454D-B433-366203B4685A}.Ad-Hoc|Any CPU.ActiveCfg = Release|Any CPU
		{DA809830-DF89-454D-B433-366203B4685A}.Ad-Hoc|Any CPU.Build.0 = Release|Any CPU
		{DA809830-DF89-454D-B433-366203B4685A}.Ad-Hoc|Any CPU.Deploy.0 = Release|Any CPU
		{DA809830-DF89-454D-B433-366203B4685A}.Ad-Hoc|ARM.ActiveCfg = Release|Any CPU
		{DA809830-DF89-454D-B433-366203B4685A}.Ad-Hoc|ARM.Build.0 = Release|Any CPU
		{DA809830-DF89-454D-B433-366203B4685A}.Ad-Hoc|ARM.Deploy.0 = Release|Any CPU
		{DA809830-DF89-454D-B433-366203B4685A}.Ad-Hoc|iPhone.ActiveCfg = Release|Any CPU
		{DA809830-DF89-454D-B433-366203B4685A}.Ad-Hoc|iPhone.Build.0 = Release|Any CPU
		{DA809830-DF89-454D-B433-366203B4685A}.Ad-Hoc|iPhone.Deploy.0 = Release|Any CPU
		{DA809830-DF89-454D-B433-366203B4685A}.Ad-Hoc|iPhoneSimulator.ActiveCfg = Release|Any CPU
		{DA809830-DF89-454D-B433-366203B4685A}.Ad-Hoc|iPhoneSimulator.Build.0 = Release|Any CPU
		{DA809830-DF89-454D-B433-366203B4685A}.Ad-Hoc|iPhoneSimulator.Deploy.0 = Release|Any CPU
		{DA809830-DF89-454D-B433-366203B4685A}.Ad-Hoc|x64.ActiveCfg = Release|Any CPU
		{DA809830-DF89-454D-B433-366203B4685A}.Ad-Hoc|x64.Build.0 = Release|Any CPU
		{DA809830-DF89-454D-B433-366203B4685A}.Ad-Hoc|x64.Deploy.0 = Release|Any CPU
		{DA809830-DF89-454D-B433-366203B4685A}.Ad-Hoc|x86.ActiveCfg = Release|Any CPU
		{DA809830-DF89-454D-B433-366203B4685A}.Ad-Hoc|x86.Build.0 = Release|Any CPU
		{DA809830-DF89-454D-B433-366203B4685A}.Ad-Hoc|x86.Deploy.0 = Release|Any CPU
		{DA809830-DF89-454D-B433-366203B4685A}.AppStore|Any CPU.ActiveCfg = Release|Any CPU
		{DA809830-DF89-454D-B433-366203B4685A}.AppStore|Any CPU.Build.0 = Release|Any CPU
		{DA809830-DF89-454D-B433-366203B4685A}.AppStore|Any CPU.Deploy.0 = Release|Any CPU
		{DA809830-DF89-454D-B433-366203B4685A}.AppStore|ARM.ActiveCfg = Release|Any CPU
		{DA809830-DF89-454D-B433-366203B4685A}.AppStore|ARM.Build.0 = Release|Any CPU
		{DA809830-DF89-454D-B433-366203B4685A}.AppStore|ARM.Deploy.0 = Release|Any CPU
		{DA809830-DF89-454D-B433-366203B4685A}.AppStore|iPhone.ActiveCfg = Release|Any CPU
		{DA809830-DF89-454D-B433-366203B4685A}.AppStore|iPhone.Build.0 = Release|Any CPU
		{DA809830-DF89-454D-B433-366203B4685A}.AppStore|iPhone.Deploy.0 = Release|Any CPU
		{DA809830-DF89-454D-B433-366203B4685A}.AppStore|iPhoneSimulator.ActiveCfg = Release|Any CPU
		{DA809830-DF89-454D-B433-366203B4685A}.AppStore|iPhoneSimulator.Build.0 = Release|Any CPU
		{DA809830-DF89-454D-B433-366203B4685A}.AppStore|iPhoneSimulator.Deploy.0 = Release|Any CPU
		{DA809830-DF89-454D-B433-366203B4685A}.AppStore|x64.ActiveCfg = Release|Any CPU
		{DA809830-DF89-454D-B433-366203B4685A}.AppStore|x64.Build.0 = Release|Any CPU
		{DA809830-DF89-454D-B433-366203B4685A}.AppStore|x64.Deploy.0 = Release|Any CPU
		{DA809830-DF89-454D-B433-366203B4685A}.AppStore|x86.ActiveCfg = Release|Any CPU
		{DA809830-DF89-454D-B433-366203B4685A}.AppStore|x86.Build.0 = Release|Any CPU
		{DA809830-DF89-454D-B433-366203B4685A}.AppStore|x86.Deploy.0 = Release|Any CPU
		{DA809830-DF89-454D-B433-366203B4685A}.Debug|Any CPU.ActiveCfg = Debug|Any CPU
		{DA809830-DF89-454D-B433-366203B4685A}.Debug|Any CPU.Build.0 = Debug|Any CPU
		{DA809830-DF89-454D-B433-366203B4685A}.Debug|Any CPU.Deploy.0 = Debug|Any CPU
		{DA809830-DF89-454D-B433-366203B4685A}.Debug|ARM.ActiveCfg = Debug|Any CPU
		{DA809830-DF89-454D-B433-366203B4685A}.Debug|ARM.Build.0 = Debug|Any CPU
		{DA809830-DF89-454D-B433-366203B4685A}.Debug|ARM.Deploy.0 = Debug|Any CPU
		{DA809830-DF89-454D-B433-366203B4685A}.Debug|iPhone.ActiveCfg = Debug|Any CPU
		{DA809830-DF89-454D-B433-366203B4685A}.Debug|iPhone.Build.0 = Debug|Any CPU
		{DA809830-DF89-454D-B433-366203B4685A}.Debug|iPhone.Deploy.0 = Debug|Any CPU
		{DA809830-DF89-454D-B433-366203B4685A}.Debug|iPhoneSimulator.ActiveCfg = Debug|Any CPU
		{DA809830-DF89-454D-B433-366203B4685A}.Debug|iPhoneSimulator.Build.0 = Debug|Any CPU
		{DA809830-DF89-454D-B433-366203B4685A}.Debug|iPhoneSimulator.Deploy.0 = Debug|Any CPU
		{DA809830-DF89-454D-B433-366203B4685A}.Debug|x64.ActiveCfg = Debug|Any CPU
		{DA809830-DF89-454D-B433-366203B4685A}.Debug|x64.Build.0 = Debug|Any CPU
		{DA809830-DF89-454D-B433-366203B4685A}.Debug|x64.Deploy.0 = Debug|Any CPU
		{DA809830-DF89-454D-B433-366203B4685A}.Debug|x86.ActiveCfg = Debug|Any CPU
		{DA809830-DF89-454D-B433-366203B4685A}.Debug|x86.Build.0 = Debug|Any CPU
		{DA809830-DF89-454D-B433-366203B4685A}.Debug|x86.Deploy.0 = Debug|Any CPU
		{DA809830-DF89-454D-B433-366203B4685A}.Release|Any CPU.ActiveCfg = Release|Any CPU
		{DA809830-DF89-454D-B433-366203B4685A}.Release|Any CPU.Build.0 = Release|Any CPU
		{DA809830-DF89-454D-B433-366203B4685A}.Release|Any CPU.Deploy.0 = Release|Any CPU
		{DA809830-DF89-454D-B433-366203B4685A}.Release|ARM.ActiveCfg = Release|Any CPU
		{DA809830-DF89-454D-B433-366203B4685A}.Release|ARM.Build.0 = Release|Any CPU
		{DA809830-DF89-454D-B433-366203B4685A}.Release|ARM.Deploy.0 = Release|Any CPU
		{DA809830-DF89-454D-B433-366203B4685A}.Release|iPhone.ActiveCfg = Release|Any CPU
		{DA809830-DF89-454D-B433-366203B4685A}.Release|iPhone.Build.0 = Release|Any CPU
		{DA809830-DF89-454D-B433-366203B4685A}.Release|iPhone.Deploy.0 = Release|Any CPU
		{DA809830-DF89-454D-B433-366203B4685A}.Release|iPhoneSimulator.ActiveCfg = Release|Any CPU
		{DA809830-DF89-454D-B433-366203B4685A}.Release|iPhoneSimulator.Build.0 = Release|Any CPU
		{DA809830-DF89-454D-B433-366203B4685A}.Release|iPhoneSimulator.Deploy.0 = Release|Any CPU
		{DA809830-DF89-454D-B433-366203B4685A}.Release|x64.ActiveCfg = Release|Any CPU
		{DA809830-DF89-454D-B433-366203B4685A}.Release|x64.Build.0 = Release|Any CPU
		{DA809830-DF89-454D-B433-366203B4685A}.Release|x64.Deploy.0 = Release|Any CPU
		{DA809830-DF89-454D-B433-366203B4685A}.Release|x86.ActiveCfg = Release|Any CPU
		{DA809830-DF89-454D-B433-366203B4685A}.Release|x86.Build.0 = Release|Any CPU
		{DA809830-DF89-454D-B433-366203B4685A}.Release|x86.Deploy.0 = Release|Any CPU
		{7F027A28-95E4-460E-9833-7DA9B43ED346}.Ad-Hoc|Any CPU.ActiveCfg = Ad-Hoc|iPhone
		{7F027A28-95E4-460E-9833-7DA9B43ED346}.Ad-Hoc|ARM.ActiveCfg = Ad-Hoc|iPhone
		{7F027A28-95E4-460E-9833-7DA9B43ED346}.Ad-Hoc|iPhone.ActiveCfg = Ad-Hoc|iPhone
		{7F027A28-95E4-460E-9833-7DA9B43ED346}.Ad-Hoc|iPhone.Build.0 = Ad-Hoc|iPhone
		{7F027A28-95E4-460E-9833-7DA9B43ED346}.Ad-Hoc|iPhoneSimulator.ActiveCfg = Ad-Hoc|iPhoneSimulator
		{7F027A28-95E4-460E-9833-7DA9B43ED346}.Ad-Hoc|iPhoneSimulator.Build.0 = Ad-Hoc|iPhoneSimulator
		{7F027A28-95E4-460E-9833-7DA9B43ED346}.Ad-Hoc|x64.ActiveCfg = Ad-Hoc|iPhone
		{7F027A28-95E4-460E-9833-7DA9B43ED346}.Ad-Hoc|x86.ActiveCfg = Ad-Hoc|iPhone
		{7F027A28-95E4-460E-9833-7DA9B43ED346}.AppStore|Any CPU.ActiveCfg = AppStore|iPhone
		{7F027A28-95E4-460E-9833-7DA9B43ED346}.AppStore|ARM.ActiveCfg = AppStore|iPhone
		{7F027A28-95E4-460E-9833-7DA9B43ED346}.AppStore|iPhone.ActiveCfg = AppStore|iPhone
		{7F027A28-95E4-460E-9833-7DA9B43ED346}.AppStore|iPhone.Build.0 = AppStore|iPhone
		{7F027A28-95E4-460E-9833-7DA9B43ED346}.AppStore|iPhoneSimulator.ActiveCfg = AppStore|iPhoneSimulator
		{7F027A28-95E4-460E-9833-7DA9B43ED346}.AppStore|iPhoneSimulator.Build.0 = AppStore|iPhoneSimulator
		{7F027A28-95E4-460E-9833-7DA9B43ED346}.AppStore|x64.ActiveCfg = AppStore|iPhone
		{7F027A28-95E4-460E-9833-7DA9B43ED346}.AppStore|x86.ActiveCfg = AppStore|iPhone
		{7F027A28-95E4-460E-9833-7DA9B43ED346}.Debug|Any CPU.ActiveCfg = Debug|iPhone
		{7F027A28-95E4-460E-9833-7DA9B43ED346}.Debug|ARM.ActiveCfg = Debug|iPhone
		{7F027A28-95E4-460E-9833-7DA9B43ED346}.Debug|iPhone.ActiveCfg = Debug|iPhone
		{7F027A28-95E4-460E-9833-7DA9B43ED346}.Debug|iPhone.Build.0 = Debug|iPhone
		{7F027A28-95E4-460E-9833-7DA9B43ED346}.Debug|iPhoneSimulator.ActiveCfg = Debug|iPhoneSimulator
		{7F027A28-95E4-460E-9833-7DA9B43ED346}.Debug|iPhoneSimulator.Build.0 = Debug|iPhoneSimulator
		{7F027A28-95E4-460E-9833-7DA9B43ED346}.Debug|x64.ActiveCfg = Debug|iPhone
		{7F027A28-95E4-460E-9833-7DA9B43ED346}.Debug|x86.ActiveCfg = Debug|iPhone
		{7F027A28-95E4-460E-9833-7DA9B43ED346}.Release|Any CPU.ActiveCfg = Release|iPhone
		{7F027A28-95E4-460E-9833-7DA9B43ED346}.Release|ARM.ActiveCfg = Release|iPhone
		{7F027A28-95E4-460E-9833-7DA9B43ED346}.Release|iPhone.ActiveCfg = Release|iPhone
		{7F027A28-95E4-460E-9833-7DA9B43ED346}.Release|iPhone.Build.0 = Release|iPhone
		{7F027A28-95E4-460E-9833-7DA9B43ED346}.Release|iPhoneSimulator.ActiveCfg = Release|iPhoneSimulator
		{7F027A28-95E4-460E-9833-7DA9B43ED346}.Release|iPhoneSimulator.Build.0 = Release|iPhoneSimulator
		{7F027A28-95E4-460E-9833-7DA9B43ED346}.Release|x64.ActiveCfg = Release|iPhone
		{7F027A28-95E4-460E-9833-7DA9B43ED346}.Release|x86.ActiveCfg = Release|iPhone
	EndGlobalSection
	GlobalSection(SolutionProperties) = preSolution
		HideSolutionNode = FALSE
	EndGlobalSection
	GlobalSection(ExtensibilityGlobals) = postSolution
		SolutionGuid = {63A89652-6A31-4602-8CA7-419EB1EE5025}
	EndGlobalSection
EndGlobal
